
Microsoft Visual Studio Solution File, Format Version 12.00
# Visual Studio 15
VisualStudioVersion = 15.0.28307.168
MinimumVisualStudioVersion = 10.0.40219.1
Project("{9A19103F-16F7-4668-BE54-9A1E7A4F7556}") = "CardGame", "CardGame\CardGame.csproj", "{A704E0C6-0C09-4301-9B27-817B326B77F8}"
EndProject
Project("{2150E333-8FDC-42A3-9474-1A3956D46DE8}") = ".Tests", ".Tests", "{F3035A6E-319D-47F2-A885-83B2D03C2973}"
EndProject
Project("{9A19103F-16F7-4668-BE54-9A1E7A4F7556}") = "CardTester", "CardTester\CardTester.csproj", "{CF757CD4-A1C2-426C-829F-78C3657D1155}"
EndProject
Global
	GlobalSection(SolutionConfigurationPlatforms) = preSolution
		Debug|Any CPU = Debug|Any CPU
		Release|Any CPU = Release|Any CPU
	EndGlobalSection
	GlobalSection(ProjectConfigurationPlatforms) = postSolution
		{A704E0C6-0C09-4301-9B27-817B326B77F8}.Debug|Any CPU.ActiveCfg = Debug|Any CPU
		{A704E0C6-0C09-4301-9B27-817B326B77F8}.Debug|Any CPU.Build.0 = Debug|Any CPU
		{A704E0C6-0C09-4301-9B27-817B326B77F8}.Release|Any CPU.ActiveCfg = Release|Any CPU
		{A704E0C6-0C09-4301-9B27-817B326B77F8}.Release|Any CPU.Build.0 = Release|Any CPU
		{CF757CD4-A1C2-426C-829F-78C3657D1155}.Debug|Any CPU.ActiveCfg = Debug|Any CPU
		{CF757CD4-A1C2-426C-829F-78C3657D1155}.Debug|Any CPU.Build.0 = Debug|Any CPU
		{CF757CD4-A1C2-426C-829F-78C3657D1155}.Release|Any CPU.ActiveCfg = Release|Any CPU
		{CF757CD4-A1C2-426C-829F-78C3657D1155}.Release|Any CPU.Build.0 = Release|Any CPU
	EndGlobalSection
	GlobalSection(SolutionProperties) = preSolution
		HideSolutionNode = FALSE
	EndGlobalSection
	GlobalSection(NestedProjects) = preSolution
		{CF757CD4-A1C2-426C-829F-78C3657D1155} = {F3035A6E-319D-47F2-A885-83B2D03C2973}
	EndGlobalSection
	GlobalSection(ExtensibilityGlobals) = postSolution
		SolutionGuid = {D18B14B3-F1D0-4185-BE42-C02B70B6EB0D}
	EndGlobalSection
EndGlobal
